
Microsoft Visual Studio Solution File, Format Version 12.00
# Visual Studio 15
Project("{FAE04EC0-301F-11D3-BF4B-00C04F79EFBC}") = "FavroPlasticExtension", "FavroPlasticExtension\FavroPlasticExtension.csproj", "{EE317B58-63A7-4480-9EC2-C860682B5253}"
EndProject
Project("{FAE04EC0-301F-11D3-BF4B-00C04F79EFBC}") = "FavroPlasticExtensionTests", "FavroPlasticExtensionTests\FavroPlasticExtensionTests.csproj", "{B88DA190-B686-4501-84C6-90FBD2158BE7}"
EndProject
Global
	GlobalSection(SolutionConfigurationPlatforms) = preSolution
		Debug|Any CPU = Debug|Any CPU
		Release|Any CPU = Release|Any CPU
	EndGlobalSection
	GlobalSection(ProjectConfigurationPlatforms) = postSolution
		{EE317B58-63A7-4480-9EC2-C860682B5253}.Debug|Any CPU.ActiveCfg = Debug|Any CPU
		{EE317B58-63A7-4480-9EC2-C860682B5253}.Debug|Any CPU.Build.0 = Debug|Any CPU
		{EE317B58-63A7-4480-9EC2-C860682B5253}.Release|Any CPU.ActiveCfg = Release|Any CPU
		{EE317B58-63A7-4480-9EC2-C860682B5253}.Release|Any CPU.Build.0 = Release|Any CPU
		{B88DA190-B686-4501-84C6-90FBD2158BE7}.Debug|Any CPU.ActiveCfg = Debug|Any CPU
		{B88DA190-B686-4501-84C6-90FBD2158BE7}.Debug|Any CPU.Build.0 = Debug|Any CPU
		{B88DA190-B686-4501-84C6-90FBD2158BE7}.Release|Any CPU.ActiveCfg = Release|Any CPU
		{B88DA190-B686-4501-84C6-90FBD2158BE7}.Release|Any CPU.Build.0 = Release|Any CPU
	EndGlobalSection
EndGlobal
